
Microsoft Visual Studio Solution File, Format Version 12.00
# Visual Studio Version 16
VisualStudioVersion = 16.0.31729.503
MinimumVisualStudioVersion = 10.0.40219.1
Project("{FAE04EC0-301F-11D3-BF4B-00C04F79EFBC}") = "Servicios.api.Libreria", "Servicios.api.Libreria\Servicios.api.Libreria.csproj", "{956666E7-40B5-4605-8DF1-905C6132FC18}"
EndProject
Project("{FAE04EC0-301F-11D3-BF4B-00C04F79EFBC}") = "Servicios.api.Seguridad", "Servicios.api.Seguridad\Servicios.api.Seguridad.csproj", "{0AE4E833-4EB3-4888-BFB8-594CD72655D6}"
EndProject
Project("{FAE04EC0-301F-11D3-BF4B-00C04F79EFBC}") = "Servicios.api.Gateway", "Servicios.api.Gateway\Servicios.api.Gateway.csproj", "{50427D2C-5B32-44C4-BCF1-6D054992FBC2}"
EndProject
Global
	GlobalSection(SolutionConfigurationPlatforms) = preSolution
		Debug|Any CPU = Debug|Any CPU
		Release|Any CPU = Release|Any CPU
	EndGlobalSection
	GlobalSection(ProjectConfigurationPlatforms) = postSolution
		{956666E7-40B5-4605-8DF1-905C6132FC18}.Debug|Any CPU.ActiveCfg = Debug|Any CPU
		{956666E7-40B5-4605-8DF1-905C6132FC18}.Debug|Any CPU.Build.0 = Debug|Any CPU
		{956666E7-40B5-4605-8DF1-905C6132FC18}.Release|Any CPU.ActiveCfg = Release|Any CPU
		{956666E7-40B5-4605-8DF1-905C6132FC18}.Release|Any CPU.Build.0 = Release|Any CPU
		{0AE4E833-4EB3-4888-BFB8-594CD72655D6}.Debug|Any CPU.ActiveCfg = Debug|Any CPU
		{0AE4E833-4EB3-4888-BFB8-594CD72655D6}.Debug|Any CPU.Build.0 = Debug|Any CPU
		{0AE4E833-4EB3-4888-BFB8-594CD72655D6}.Release|Any CPU.ActiveCfg = Release|Any CPU
		{0AE4E833-4EB3-4888-BFB8-594CD72655D6}.Release|Any CPU.Build.0 = Release|Any CPU
		{50427D2C-5B32-44C4-BCF1-6D054992FBC2}.Debug|Any CPU.ActiveCfg = Debug|Any CPU
		{50427D2C-5B32-44C4-BCF1-6D054992FBC2}.Debug|Any CPU.Build.0 = Debug|Any CPU
		{50427D2C-5B32-44C4-BCF1-6D054992FBC2}.Release|Any CPU.ActiveCfg = Release|Any CPU
		{50427D2C-5B32-44C4-BCF1-6D054992FBC2}.Release|Any CPU.Build.0 = Release|Any CPU
	EndGlobalSection
	GlobalSection(SolutionProperties) = preSolution
		HideSolutionNode = FALSE
	EndGlobalSection
	GlobalSection(ExtensibilityGlobals) = postSolution
		SolutionGuid = {7F3F5AF7-66CB-48A5-BD20-4A796C8D35F7}
	EndGlobalSection
EndGlobal
